// !$*UTF8*$!
{
	archiveVersion = 1;
	classes = {
	};
	objectVersion = 56;
	objects = {

/* Begin PBXBuildFile section */
		04042AB82A52E76A00F08A8F /* BannersView.swift in Sources */ = {isa = PBXBuildFile; fileRef = 04042AB72A52E76A00F08A8F /* BannersView.swift */; };
		04042ABA2A52E84800F08A8F /* BannerCell.swift in Sources */ = {isa = PBXBuildFile; fileRef = 04042AB92A52E84800F08A8F /* BannerCell.swift */; };
		040945FE2A4B2C3E00D3157E /* ProductModel.xcdatamodeld in Sources */ = {isa = PBXBuildFile; fileRef = 040945FC2A4B2C3E00D3157E /* ProductModel.xcdatamodeld */; };
		040946012A4B2CDC00D3157E /* ProductEntity+CoreDataClass.swift in Sources */ = {isa = PBXBuildFile; fileRef = 040945FF2A4B2CDC00D3157E /* ProductEntity+CoreDataClass.swift */; };
		040946022A4B2CDC00D3157E /* ProductEntity+CoreDataProperties.swift in Sources */ = {isa = PBXBuildFile; fileRef = 040946002A4B2CDC00D3157E /* ProductEntity+CoreDataProperties.swift */; };
		040946062A4B30D200D3157E /* MenuTableAdapter.swift in Sources */ = {isa = PBXBuildFile; fileRef = 040946052A4B30D200D3157E /* MenuTableAdapter.swift */; };
		040946082A4B320200D3157E /* ProductResponse.swift in Sources */ = {isa = PBXBuildFile; fileRef = 040946072A4B320200D3157E /* ProductResponse.swift */; };
		0409460B2A4B33C500D3157E /* ProductCell.swift in Sources */ = {isa = PBXBuildFile; fileRef = 0409460A2A4B33C500D3157E /* ProductCell.swift */; };
		042059102A4D92FC00521BF3 /* Endpoint.swift in Sources */ = {isa = PBXBuildFile; fileRef = 0420590F2A4D92FC00521BF3 /* Endpoint.swift */; };
		042059122A4D934A00521BF3 /* ProductsEndpoint.swift in Sources */ = {isa = PBXBuildFile; fileRef = 042059112A4D934A00521BF3 /* ProductsEndpoint.swift */; };
		042059152A4DAD1300521BF3 /* API.swift in Sources */ = {isa = PBXBuildFile; fileRef = 042059142A4DAD1300521BF3 /* API.swift */; };
		042059172A4DAE4F00521BF3 /* ProductsAPI.swift in Sources */ = {isa = PBXBuildFile; fileRef = 042059162A4DAE4F00521BF3 /* ProductsAPI.swift */; };
		0420591A2A4DC6AB00521BF3 /* ProductsRepository.swift in Sources */ = {isa = PBXBuildFile; fileRef = 042059192A4DC6AB00521BF3 /* ProductsRepository.swift */; };
		0420591D2A4EF5A800521BF3 /* CategoriesView.swift in Sources */ = {isa = PBXBuildFile; fileRef = 0420591C2A4EF5A800521BF3 /* CategoriesView.swift */; };
		0420591F2A4EF6B600521BF3 /* CategoryCell.swift in Sources */ = {isa = PBXBuildFile; fileRef = 0420591E2A4EF6B600521BF3 /* CategoryCell.swift */; };
		046A83BA2A49920A00C8E7D6 /* AppDelegate.swift in Sources */ = {isa = PBXBuildFile; fileRef = 046A83B92A49920A00C8E7D6 /* AppDelegate.swift */; };
		046A83BC2A49920A00C8E7D6 /* SceneDelegate.swift in Sources */ = {isa = PBXBuildFile; fileRef = 046A83BB2A49920A00C8E7D6 /* SceneDelegate.swift */; };
		046A83C32A49920C00C8E7D6 /* Assets.xcassets in Resources */ = {isa = PBXBuildFile; fileRef = 046A83C22A49920C00C8E7D6 /* Assets.xcassets */; };
		046A83CE2A4994C100C8E7D6 /* MainTabVC.swift in Sources */ = {isa = PBXBuildFile; fileRef = 046A83CD2A4994C100C8E7D6 /* MainTabVC.swift */; };
		046A83D42A49986800C8E7D6 /* SnapKit in Frameworks */ = {isa = PBXBuildFile; productRef = 046A83D32A49986800C8E7D6 /* SnapKit */; };
		046A83D92A49A3CB00C8E7D6 /* MenuAssembly.swift in Sources */ = {isa = PBXBuildFile; fileRef = 046A83D82A49A3CB00C8E7D6 /* MenuAssembly.swift */; };
		046A83DB2A49A4DD00C8E7D6 /* MenuRouter.swift in Sources */ = {isa = PBXBuildFile; fileRef = 046A83DA2A49A4DD00C8E7D6 /* MenuRouter.swift */; };
		046A83DD2A49A51200C8E7D6 /* MenuInteractor.swift in Sources */ = {isa = PBXBuildFile; fileRef = 046A83DC2A49A51200C8E7D6 /* MenuInteractor.swift */; };
		046A83DF2A49A53500C8E7D6 /* MenuPresenter.swift in Sources */ = {isa = PBXBuildFile; fileRef = 046A83DE2A49A53500C8E7D6 /* MenuPresenter.swift */; };
		046A83E12A49A57300C8E7D6 /* MenuView.swift in Sources */ = {isa = PBXBuildFile; fileRef = 046A83E02A49A57300C8E7D6 /* MenuView.swift */; };
		046A83E32A49A58400C8E7D6 /* MenuVC.swift in Sources */ = {isa = PBXBuildFile; fileRef = 046A83E22A49A58400C8E7D6 /* MenuVC.swift */; };
		046A83E52A49A5EA00C8E7D6 /* CartAssembly.swift in Sources */ = {isa = PBXBuildFile; fileRef = 046A83E42A49A5EA00C8E7D6 /* CartAssembly.swift */; };
		046A83E72A49A60200C8E7D6 /* CartRouter.swift in Sources */ = {isa = PBXBuildFile; fileRef = 046A83E62A49A60200C8E7D6 /* CartRouter.swift */; };
		046A83EA2A49A86F00C8E7D6 /* ScreenRoutable.swift in Sources */ = {isa = PBXBuildFile; fileRef = 046A83E92A49A86F00C8E7D6 /* ScreenRoutable.swift */; };
		046A83EC2A49A95500C8E7D6 /* CartInteractor.swift in Sources */ = {isa = PBXBuildFile; fileRef = 046A83EB2A49A95500C8E7D6 /* CartInteractor.swift */; };
		046A83EE2A49A99900C8E7D6 /* CartPresenter.swift in Sources */ = {isa = PBXBuildFile; fileRef = 046A83ED2A49A99900C8E7D6 /* CartPresenter.swift */; };
		046A83F02A49A9C500C8E7D6 /* CartView.swift in Sources */ = {isa = PBXBuildFile; fileRef = 046A83EF2A49A9C500C8E7D6 /* CartView.swift */; };
		046A83F22A49A9F200C8E7D6 /* CartVC.swift in Sources */ = {isa = PBXBuildFile; fileRef = 046A83F12A49A9F200C8E7D6 /* CartVC.swift */; };
		046A83F42A49AB5C00C8E7D6 /* ProductDetailAssembly.swift in Sources */ = {isa = PBXBuildFile; fileRef = 046A83F32A49AB5C00C8E7D6 /* ProductDetailAssembly.swift */; };
		046A83F62A49AB8100C8E7D6 /* ProductDetailInteractor.swift in Sources */ = {isa = PBXBuildFile; fileRef = 046A83F52A49AB8100C8E7D6 /* ProductDetailInteractor.swift */; };
		046A83F82A49ABDD00C8E7D6 /* ProductDetailPresenter.swift in Sources */ = {isa = PBXBuildFile; fileRef = 046A83F72A49ABDD00C8E7D6 /* ProductDetailPresenter.swift */; };
		046A83FA2A49AC3000C8E7D6 /* ProductDetailRouter.swift in Sources */ = {isa = PBXBuildFile; fileRef = 046A83F92A49AC3000C8E7D6 /* ProductDetailRouter.swift */; };
		046A83FC2A49B06B00C8E7D6 /* ProductDetailView.swift in Sources */ = {isa = PBXBuildFile; fileRef = 046A83FB2A49B06B00C8E7D6 /* ProductDetailView.swift */; };
		046A83FE2A49B09C00C8E7D6 /* ProductDetailVC.swift in Sources */ = {isa = PBXBuildFile; fileRef = 046A83FD2A49B09C00C8E7D6 /* ProductDetailVC.swift */; };
		047F417B2A53DE8700A099C8 /* CityPopOverViewController.swift in Sources */ = {isa = PBXBuildFile; fileRef = 047F417A2A53DE8700A099C8 /* CityPopOverViewController.swift */; };
		047F417D2A53E27F00A099C8 /* CityPopOverCell.swift in Sources */ = {isa = PBXBuildFile; fileRef = 047F417C2A53E27F00A099C8 /* CityPopOverCell.swift */; };
		047F417F2A54041300A099C8 /* ProductDetailTableAdapter.swift in Sources */ = {isa = PBXBuildFile; fileRef = 047F417E2A54041300A099C8 /* ProductDetailTableAdapter.swift */; };
		047F41822A5405DB00A099C8 /* ProductImageCell.swift in Sources */ = {isa = PBXBuildFile; fileRef = 047F41812A5405DB00A099C8 /* ProductImageCell.swift */; };
		047F41842A54061B00A099C8 /* ProductInfoCell.swift in Sources */ = {isa = PBXBuildFile; fileRef = 047F41832A54061B00A099C8 /* ProductInfoCell.swift */; };
/* End PBXBuildFile section */

/* Begin PBXFileReference section */
		04042AB72A52E76A00F08A8F /* BannersView.swift */ = {isa = PBXFileReference; lastKnownFileType = sourcecode.swift; path = BannersView.swift; sourceTree = "<group>"; };
		04042AB92A52E84800F08A8F /* BannerCell.swift */ = {isa = PBXFileReference; lastKnownFileType = sourcecode.swift; path = BannerCell.swift; sourceTree = "<group>"; };
		040945FD2A4B2C3E00D3157E /* ProductModel.xcdatamodel */ = {isa = PBXFileReference; lastKnownFileType = wrapper.xcdatamodel; path = ProductModel.xcdatamodel; sourceTree = "<group>"; };
		040945FF2A4B2CDC00D3157E /* ProductEntity+CoreDataClass.swift */ = {isa = PBXFileReference; lastKnownFileType = sourcecode.swift; path = "ProductEntity+CoreDataClass.swift"; sourceTree = "<group>"; };
		040946002A4B2CDC00D3157E /* ProductEntity+CoreDataProperties.swift */ = {isa = PBXFileReference; lastKnownFileType = sourcecode.swift; path = "ProductEntity+CoreDataProperties.swift"; sourceTree = "<group>"; };
		040946052A4B30D200D3157E /* MenuTableAdapter.swift */ = {isa = PBXFileReference; lastKnownFileType = sourcecode.swift; path = MenuTableAdapter.swift; sourceTree = "<group>"; };
		040946072A4B320200D3157E /* ProductResponse.swift */ = {isa = PBXFileReference; lastKnownFileType = sourcecode.swift; path = ProductResponse.swift; sourceTree = "<group>"; };
		0409460A2A4B33C500D3157E /* ProductCell.swift */ = {isa = PBXFileReference; lastKnownFileType = sourcecode.swift; path = ProductCell.swift; sourceTree = "<group>"; };
		0420590F2A4D92FC00521BF3 /* Endpoint.swift */ = {isa = PBXFileReference; lastKnownFileType = sourcecode.swift; path = Endpoint.swift; sourceTree = "<group>"; };
		042059112A4D934A00521BF3 /* ProductsEndpoint.swift */ = {isa = PBXFileReference; lastKnownFileType = sourcecode.swift; path = ProductsEndpoint.swift; sourceTree = "<group>"; };
		042059142A4DAD1300521BF3 /* API.swift */ = {isa = PBXFileReference; lastKnownFileType = sourcecode.swift; path = API.swift; sourceTree = "<group>"; };
		042059162A4DAE4F00521BF3 /* ProductsAPI.swift */ = {isa = PBXFileReference; lastKnownFileType = sourcecode.swift; path = ProductsAPI.swift; sourceTree = "<group>"; };
		042059192A4DC6AB00521BF3 /* ProductsRepository.swift */ = {isa = PBXFileReference; lastKnownFileType = sourcecode.swift; path = ProductsRepository.swift; sourceTree = "<group>"; };
		0420591C2A4EF5A800521BF3 /* CategoriesView.swift */ = {isa = PBXFileReference; lastKnownFileType = sourcecode.swift; path = CategoriesView.swift; sourceTree = "<group>"; };
		0420591E2A4EF6B600521BF3 /* CategoryCell.swift */ = {isa = PBXFileReference; lastKnownFileType = sourcecode.swift; path = CategoryCell.swift; sourceTree = "<group>"; };
		046A83B62A49920A00C8E7D6 /* DodoPizzaPetProject.app */ = {isa = PBXFileReference; explicitFileType = wrapper.application; includeInIndex = 0; path = DodoPizzaPetProject.app; sourceTree = BUILT_PRODUCTS_DIR; };
		046A83B92A49920A00C8E7D6 /* AppDelegate.swift */ = {isa = PBXFileReference; lastKnownFileType = sourcecode.swift; path = AppDelegate.swift; sourceTree = "<group>"; };
		046A83BB2A49920A00C8E7D6 /* SceneDelegate.swift */ = {isa = PBXFileReference; lastKnownFileType = sourcecode.swift; path = SceneDelegate.swift; sourceTree = "<group>"; };
		046A83C22A49920C00C8E7D6 /* Assets.xcassets */ = {isa = PBXFileReference; lastKnownFileType = folder.assetcatalog; path = Assets.xcassets; sourceTree = "<group>"; };
		046A83C72A49920C00C8E7D6 /* Info.plist */ = {isa = PBXFileReference; lastKnownFileType = text.plist.xml; path = Info.plist; sourceTree = "<group>"; };
		046A83CD2A4994C100C8E7D6 /* MainTabVC.swift */ = {isa = PBXFileReference; lastKnownFileType = sourcecode.swift; path = MainTabVC.swift; sourceTree = "<group>"; };
		046A83D82A49A3CB00C8E7D6 /* MenuAssembly.swift */ = {isa = PBXFileReference; lastKnownFileType = sourcecode.swift; path = MenuAssembly.swift; sourceTree = "<group>"; };
		046A83DA2A49A4DD00C8E7D6 /* MenuRouter.swift */ = {isa = PBXFileReference; lastKnownFileType = sourcecode.swift; path = MenuRouter.swift; sourceTree = "<group>"; };
		046A83DC2A49A51200C8E7D6 /* MenuInteractor.swift */ = {isa = PBXFileReference; lastKnownFileType = sourcecode.swift; path = MenuInteractor.swift; sourceTree = "<group>"; };
		046A83DE2A49A53500C8E7D6 /* MenuPresenter.swift */ = {isa = PBXFileReference; lastKnownFileType = sourcecode.swift; path = MenuPresenter.swift; sourceTree = "<group>"; };
		046A83E02A49A57300C8E7D6 /* MenuView.swift */ = {isa = PBXFileReference; lastKnownFileType = sourcecode.swift; path = MenuView.swift; sourceTree = "<group>"; };
		046A83E22A49A58400C8E7D6 /* MenuVC.swift */ = {isa = PBXFileReference; lastKnownFileType = sourcecode.swift; path = MenuVC.swift; sourceTree = "<group>"; };
		046A83E42A49A5EA00C8E7D6 /* CartAssembly.swift */ = {isa = PBXFileReference; lastKnownFileType = sourcecode.swift; path = CartAssembly.swift; sourceTree = "<group>"; };
		046A83E62A49A60200C8E7D6 /* CartRouter.swift */ = {isa = PBXFileReference; lastKnownFileType = sourcecode.swift; path = CartRouter.swift; sourceTree = "<group>"; };
		046A83E92A49A86F00C8E7D6 /* ScreenRoutable.swift */ = {isa = PBXFileReference; lastKnownFileType = sourcecode.swift; path = ScreenRoutable.swift; sourceTree = "<group>"; };
		046A83EB2A49A95500C8E7D6 /* CartInteractor.swift */ = {isa = PBXFileReference; lastKnownFileType = sourcecode.swift; path = CartInteractor.swift; sourceTree = "<group>"; };
		046A83ED2A49A99900C8E7D6 /* CartPresenter.swift */ = {isa = PBXFileReference; lastKnownFileType = sourcecode.swift; path = CartPresenter.swift; sourceTree = "<group>"; };
		046A83EF2A49A9C500C8E7D6 /* CartView.swift */ = {isa = PBXFileReference; lastKnownFileType = sourcecode.swift; path = CartView.swift; sourceTree = "<group>"; };
		046A83F12A49A9F200C8E7D6 /* CartVC.swift */ = {isa = PBXFileReference; lastKnownFileType = sourcecode.swift; path = CartVC.swift; sourceTree = "<group>"; };
		046A83F32A49AB5C00C8E7D6 /* ProductDetailAssembly.swift */ = {isa = PBXFileReference; lastKnownFileType = sourcecode.swift; path = ProductDetailAssembly.swift; sourceTree = "<group>"; };
		046A83F52A49AB8100C8E7D6 /* ProductDetailInteractor.swift */ = {isa = PBXFileReference; lastKnownFileType = sourcecode.swift; path = ProductDetailInteractor.swift; sourceTree = "<group>"; };
		046A83F72A49ABDD00C8E7D6 /* ProductDetailPresenter.swift */ = {isa = PBXFileReference; lastKnownFileType = sourcecode.swift; path = ProductDetailPresenter.swift; sourceTree = "<group>"; };
		046A83F92A49AC3000C8E7D6 /* ProductDetailRouter.swift */ = {isa = PBXFileReference; lastKnownFileType = sourcecode.swift; path = ProductDetailRouter.swift; sourceTree = "<group>"; };
		046A83FB2A49B06B00C8E7D6 /* ProductDetailView.swift */ = {isa = PBXFileReference; lastKnownFileType = sourcecode.swift; path = ProductDetailView.swift; sourceTree = "<group>"; };
		046A83FD2A49B09C00C8E7D6 /* ProductDetailVC.swift */ = {isa = PBXFileReference; lastKnownFileType = sourcecode.swift; path = ProductDetailVC.swift; sourceTree = "<group>"; };
		047F417A2A53DE8700A099C8 /* CityPopOverViewController.swift */ = {isa = PBXFileReference; lastKnownFileType = sourcecode.swift; path = CityPopOverViewController.swift; sourceTree = "<group>"; };
		047F417C2A53E27F00A099C8 /* CityPopOverCell.swift */ = {isa = PBXFileReference; lastKnownFileType = sourcecode.swift; path = CityPopOverCell.swift; sourceTree = "<group>"; };
		047F417E2A54041300A099C8 /* ProductDetailTableAdapter.swift */ = {isa = PBXFileReference; lastKnownFileType = sourcecode.swift; path = ProductDetailTableAdapter.swift; sourceTree = "<group>"; };
		047F41812A5405DB00A099C8 /* ProductImageCell.swift */ = {isa = PBXFileReference; lastKnownFileType = sourcecode.swift; path = ProductImageCell.swift; sourceTree = "<group>"; };
		047F41832A54061B00A099C8 /* ProductInfoCell.swift */ = {isa = PBXFileReference; lastKnownFileType = sourcecode.swift; path = ProductInfoCell.swift; sourceTree = "<group>"; };
/* End PBXFileReference section */

/* Begin PBXFrameworksBuildPhase section */
		046A83B32A49920A00C8E7D6 /* Frameworks */ = {
			isa = PBXFrameworksBuildPhase;
			buildActionMask = 2147483647;
			files = (
				046A83D42A49986800C8E7D6 /* SnapKit in Frameworks */,
			);
			runOnlyForDeploymentPostprocessing = 0;
		};
/* End PBXFrameworksBuildPhase section */

/* Begin PBXGroup section */
		04042AB52A52E74100F08A8F /* Categories */ = {
			isa = PBXGroup;
			children = (
				0420591C2A4EF5A800521BF3 /* CategoriesView.swift */,
				0420591E2A4EF6B600521BF3 /* CategoryCell.swift */,
			);
			path = Categories;
			sourceTree = "<group>";
		};
		04042AB62A52E75F00F08A8F /* Banners */ = {
			isa = PBXGroup;
			children = (
				04042AB72A52E76A00F08A8F /* BannersView.swift */,
				04042AB92A52E84800F08A8F /* BannerCell.swift */,
			);
			path = Banners;
			sourceTree = "<group>";
		};
		040945FB2A4B2C2B00D3157E /* Models */ = {
			isa = PBXGroup;
			children = (
				040945FC2A4B2C3E00D3157E /* ProductModel.xcdatamodeld */,
				040945FF2A4B2CDC00D3157E /* ProductEntity+CoreDataClass.swift */,
				040946002A4B2CDC00D3157E /* ProductEntity+CoreDataProperties.swift */,
				040946072A4B320200D3157E /* ProductResponse.swift */,
			);
			path = Models;
			sourceTree = "<group>";
		};
		040946092A4B33BA00D3157E /* ProductCell */ = {
			isa = PBXGroup;
			children = (
				0409460A2A4B33C500D3157E /* ProductCell.swift */,
			);
			path = ProductCell;
			sourceTree = "<group>";
		};
		0420590C2A4D8F4200521BF3 /* Services */ = {
			isa = PBXGroup;
			children = (
				042059182A4DC69300521BF3 /* Repository */,
				0420590D2A4D8F6A00521BF3 /* Network Layer */,
			);
			path = Services;
			sourceTree = "<group>";
		};
		0420590D2A4D8F6A00521BF3 /* Network Layer */ = {
			isa = PBXGroup;
			children = (
				042059132A4DACFE00521BF3 /* API */,
				0420590E2A4D92DF00521BF3 /* Endpoints */,
			);
			name = "Network Layer";
			sourceTree = "<group>";
		};
		0420590E2A4D92DF00521BF3 /* Endpoints */ = {
			isa = PBXGroup;
			children = (
				0420590F2A4D92FC00521BF3 /* Endpoint.swift */,
				042059112A4D934A00521BF3 /* ProductsEndpoint.swift */,
			);
			name = Endpoints;
			sourceTree = "<group>";
		};
		042059132A4DACFE00521BF3 /* API */ = {
			isa = PBXGroup;
			children = (
				042059142A4DAD1300521BF3 /* API.swift */,
				042059162A4DAE4F00521BF3 /* ProductsAPI.swift */,
			);
			name = API;
			sourceTree = "<group>";
		};
		042059182A4DC69300521BF3 /* Repository */ = {
			isa = PBXGroup;
			children = (
				042059192A4DC6AB00521BF3 /* ProductsRepository.swift */,
			);
			name = Repository;
			sourceTree = "<group>";
		};
		0420591B2A4EF59400521BF3 /* HeaderView */ = {
			isa = PBXGroup;
			children = (
				047F41792A53DE6300A099C8 /* CityPopOver */,
				04042AB62A52E75F00F08A8F /* Banners */,
				04042AB52A52E74100F08A8F /* Categories */,
			);
			path = HeaderView;
			sourceTree = "<group>";
		};
		046A83AD2A49920A00C8E7D6 = {
			isa = PBXGroup;
			children = (
				046A83B82A49920A00C8E7D6 /* DodoPizzaPetProject */,
				046A83B72A49920A00C8E7D6 /* Products */,
			);
			sourceTree = "<group>";
		};
		046A83B72A49920A00C8E7D6 /* Products */ = {
			isa = PBXGroup;
			children = (
				046A83B62A49920A00C8E7D6 /* DodoPizzaPetProject.app */,
			);
			name = Products;
			sourceTree = "<group>";
		};
		046A83B82A49920A00C8E7D6 /* DodoPizzaPetProject */ = {
			isa = PBXGroup;
			children = (
				040945FB2A4B2C2B00D3157E /* Models */,
				0420590C2A4D8F4200521BF3 /* Services */,
				046A83E82A49A7D800C8E7D6 /* Library */,
				046A83D02A49954D00C8E7D6 /* Screens */,
				046A83CF2A49953300C8E7D6 /* App */,
				046A83D12A49955600C8E7D6 /* Settings */,
			);
			path = DodoPizzaPetProject;
			sourceTree = "<group>";
		};
		046A83CF2A49953300C8E7D6 /* App */ = {
			isa = PBXGroup;
			children = (
				046A83B92A49920A00C8E7D6 /* AppDelegate.swift */,
				046A83BB2A49920A00C8E7D6 /* SceneDelegate.swift */,
			);
			path = App;
			sourceTree = "<group>";
		};
		046A83D02A49954D00C8E7D6 /* Screens */ = {
			isa = PBXGroup;
			children = (
				046A83D72A49A36400C8E7D6 /* ProductDetail */,
				046A83D52A49A34300C8E7D6 /* Menu */,
				046A83D62A49A35A00C8E7D6 /* Cart */,
				046A83CD2A4994C100C8E7D6 /* MainTabVC.swift */,
			);
			path = Screens;
			sourceTree = "<group>";
		};
		046A83D12A49955600C8E7D6 /* Settings */ = {
			isa = PBXGroup;
			children = (
				046A83C22A49920C00C8E7D6 /* Assets.xcassets */,
				046A83C72A49920C00C8E7D6 /* Info.plist */,
			);
			path = Settings;
			sourceTree = "<group>";
		};
		046A83D52A49A34300C8E7D6 /* Menu */ = {
			isa = PBXGroup;
			children = (
				0420591B2A4EF59400521BF3 /* HeaderView */,
				040946092A4B33BA00D3157E /* ProductCell */,
				046A83D82A49A3CB00C8E7D6 /* MenuAssembly.swift */,
				046A83DC2A49A51200C8E7D6 /* MenuInteractor.swift */,
				046A83DE2A49A53500C8E7D6 /* MenuPresenter.swift */,
				046A83DA2A49A4DD00C8E7D6 /* MenuRouter.swift */,
				046A83E02A49A57300C8E7D6 /* MenuView.swift */,
				046A83E22A49A58400C8E7D6 /* MenuVC.swift */,
				040946052A4B30D200D3157E /* MenuTableAdapter.swift */,
			);
			path = Menu;
			sourceTree = "<group>";
		};
		046A83D62A49A35A00C8E7D6 /* Cart */ = {
			isa = PBXGroup;
			children = (
				046A83E42A49A5EA00C8E7D6 /* CartAssembly.swift */,
				046A83EB2A49A95500C8E7D6 /* CartInteractor.swift */,
				046A83ED2A49A99900C8E7D6 /* CartPresenter.swift */,
				046A83E62A49A60200C8E7D6 /* CartRouter.swift */,
				046A83EF2A49A9C500C8E7D6 /* CartView.swift */,
				046A83F12A49A9F200C8E7D6 /* CartVC.swift */,
			);
			path = Cart;
			sourceTree = "<group>";
		};
		046A83D72A49A36400C8E7D6 /* ProductDetail */ = {
			isa = PBXGroup;
			children = (
				047F41802A5405CF00A099C8 /* SubViews */,
				046A83F32A49AB5C00C8E7D6 /* ProductDetailAssembly.swift */,
				046A83F52A49AB8100C8E7D6 /* ProductDetailInteractor.swift */,
				046A83F72A49ABDD00C8E7D6 /* ProductDetailPresenter.swift */,
				046A83F92A49AC3000C8E7D6 /* ProductDetailRouter.swift */,
				046A83FB2A49B06B00C8E7D6 /* ProductDetailView.swift */,
				046A83FD2A49B09C00C8E7D6 /* ProductDetailVC.swift */,
				047F417E2A54041300A099C8 /* ProductDetailTableAdapter.swift */,
			);
			path = ProductDetail;
			sourceTree = "<group>";
		};
		046A83E82A49A7D800C8E7D6 /* Library */ = {
			isa = PBXGroup;
			children = (
				046A83E92A49A86F00C8E7D6 /* ScreenRoutable.swift */,
			);
			path = Library;
			sourceTree = "<group>";
		};
		047F41792A53DE6300A099C8 /* CityPopOver */ = {
			isa = PBXGroup;
			children = (
				047F417A2A53DE8700A099C8 /* CityPopOverViewController.swift */,
				047F417C2A53E27F00A099C8 /* CityPopOverCell.swift */,
			);
			path = CityPopOver;
			sourceTree = "<group>";
		};
		047F41802A5405CF00A099C8 /* SubViews */ = {
			isa = PBXGroup;
			children = (
				047F41812A5405DB00A099C8 /* ProductImageCell.swift */,
				047F41832A54061B00A099C8 /* ProductInfoCell.swift */,
			);
			path = SubViews;
			sourceTree = "<group>";
		};
/* End PBXGroup section */

/* Begin PBXNativeTarget section */
		046A83B52A49920A00C8E7D6 /* DodoPizzaPetProject */ = {
			isa = PBXNativeTarget;
			buildConfigurationList = 046A83CA2A49920C00C8E7D6 /* Build configuration list for PBXNativeTarget "DodoPizzaPetProject" */;
			buildPhases = (
				046A83B22A49920A00C8E7D6 /* Sources */,
				046A83B32A49920A00C8E7D6 /* Frameworks */,
				046A83B42A49920A00C8E7D6 /* Resources */,
			);
			buildRules = (
			);
			dependencies = (
			);
			name = DodoPizzaPetProject;
			packageProductDependencies = (
				046A83D32A49986800C8E7D6 /* SnapKit */,
			);
			productName = DodoPizzaPetProject;
			productReference = 046A83B62A49920A00C8E7D6 /* DodoPizzaPetProject.app */;
			productType = "com.apple.product-type.application";
		};
/* End PBXNativeTarget section */

/* Begin PBXProject section */
		046A83AE2A49920A00C8E7D6 /* Project object */ = {
			isa = PBXProject;
			attributes = {
				BuildIndependentTargetsInParallel = 1;
				LastSwiftUpdateCheck = 1430;
				LastUpgradeCheck = 1430;
				TargetAttributes = {
					046A83B52A49920A00C8E7D6 = {
						CreatedOnToolsVersion = 14.3.1;
					};
				};
			};
			buildConfigurationList = 046A83B12A49920A00C8E7D6 /* Build configuration list for PBXProject "DodoPizzaPetProject" */;
			compatibilityVersion = "Xcode 14.0";
			developmentRegion = en;
			hasScannedForEncodings = 0;
			knownRegions = (
				en,
				Base,
			);
			mainGroup = 046A83AD2A49920A00C8E7D6;
			packageReferences = (
				046A83D22A49986800C8E7D6 /* XCRemoteSwiftPackageReference "SnapKit" */,
			);
			productRefGroup = 046A83B72A49920A00C8E7D6 /* Products */;
			projectDirPath = "";
			projectRoot = "";
			targets = (
				046A83B52A49920A00C8E7D6 /* DodoPizzaPetProject */,
			);
		};
/* End PBXProject section */

/* Begin PBXResourcesBuildPhase section */
		046A83B42A49920A00C8E7D6 /* Resources */ = {
			isa = PBXResourcesBuildPhase;
			buildActionMask = 2147483647;
			files = (
				046A83C32A49920C00C8E7D6 /* Assets.xcassets in Resources */,
			);
			runOnlyForDeploymentPostprocessing = 0;
		};
/* End PBXResourcesBuildPhase section */

/* Begin PBXSourcesBuildPhase section */
		046A83B22A49920A00C8E7D6 /* Sources */ = {
			isa = PBXSourcesBuildPhase;
			buildActionMask = 2147483647;
			files = (
				046A83F02A49A9C500C8E7D6 /* CartView.swift in Sources */,
				042059102A4D92FC00521BF3 /* Endpoint.swift in Sources */,
				0420591F2A4EF6B600521BF3 /* CategoryCell.swift in Sources */,
				040946062A4B30D200D3157E /* MenuTableAdapter.swift in Sources */,
				046A83EE2A49A99900C8E7D6 /* CartPresenter.swift in Sources */,
				040946012A4B2CDC00D3157E /* ProductEntity+CoreDataClass.swift in Sources */,
				046A83E72A49A60200C8E7D6 /* CartRouter.swift in Sources */,
				0420591D2A4EF5A800521BF3 /* CategoriesView.swift in Sources */,
				0409460B2A4B33C500D3157E /* ProductCell.swift in Sources */,
				046A83FE2A49B09C00C8E7D6 /* ProductDetailVC.swift in Sources */,
				040945FE2A4B2C3E00D3157E /* ProductModel.xcdatamodeld in Sources */,
				046A83BA2A49920A00C8E7D6 /* AppDelegate.swift in Sources */,
				046A83E12A49A57300C8E7D6 /* MenuView.swift in Sources */,
				046A83CE2A4994C100C8E7D6 /* MainTabVC.swift in Sources */,
				046A83D92A49A3CB00C8E7D6 /* MenuAssembly.swift in Sources */,
				046A83DD2A49A51200C8E7D6 /* MenuInteractor.swift in Sources */,
				046A83E52A49A5EA00C8E7D6 /* CartAssembly.swift in Sources */,
				047F417D2A53E27F00A099C8 /* CityPopOverCell.swift in Sources */,
				046A83F62A49AB8100C8E7D6 /* ProductDetailInteractor.swift in Sources */,
				046A83E32A49A58400C8E7D6 /* MenuVC.swift in Sources */,
				046A83F22A49A9F200C8E7D6 /* CartVC.swift in Sources */,
				04042AB82A52E76A00F08A8F /* BannersView.swift in Sources */,
				040946082A4B320200D3157E /* ProductResponse.swift in Sources */,
				047F417F2A54041300A099C8 /* ProductDetailTableAdapter.swift in Sources */,
				046A83DB2A49A4DD00C8E7D6 /* MenuRouter.swift in Sources */,
				046A83FC2A49B06B00C8E7D6 /* ProductDetailView.swift in Sources */,
				04042ABA2A52E84800F08A8F /* BannerCell.swift in Sources */,
				0420591A2A4DC6AB00521BF3 /* ProductsRepository.swift in Sources */,
				040946022A4B2CDC00D3157E /* ProductEntity+CoreDataProperties.swift in Sources */,
				046A83EA2A49A86F00C8E7D6 /* ScreenRoutable.swift in Sources */,
				042059152A4DAD1300521BF3 /* API.swift in Sources */,
				047F417B2A53DE8700A099C8 /* CityPopOverViewController.swift in Sources */,
				046A83EC2A49A95500C8E7D6 /* CartInteractor.swift in Sources */,
				046A83BC2A49920A00C8E7D6 /* SceneDelegate.swift in Sources */,
				042059172A4DAE4F00521BF3 /* ProductsAPI.swift in Sources */,
				046A83F82A49ABDD00C8E7D6 /* ProductDetailPresenter.swift in Sources */,
				046A83FA2A49AC3000C8E7D6 /* ProductDetailRouter.swift in Sources */,
				047F41842A54061B00A099C8 /* ProductInfoCell.swift in Sources */,
				042059122A4D934A00521BF3 /* ProductsEndpoint.swift in Sources */,
				046A83F42A49AB5C00C8E7D6 /* ProductDetailAssembly.swift in Sources */,
				047F41822A5405DB00A099C8 /* ProductImageCell.swift in Sources */,
				046A83DF2A49A53500C8E7D6 /* MenuPresenter.swift in Sources */,
			);
			runOnlyForDeploymentPostprocessing = 0;
		};
/* End PBXSourcesBuildPhase section */

/* Begin XCBuildConfiguration section */
		046A83C82A49920C00C8E7D6 /* Debug */ = {
			isa = XCBuildConfiguration;
			buildSettings = {
				ALWAYS_SEARCH_USER_PATHS = NO;
				CLANG_ANALYZER_NONNULL = YES;
				CLANG_ANALYZER_NUMBER_OBJECT_CONVERSION = YES_AGGRESSIVE;
				CLANG_CXX_LANGUAGE_STANDARD = "gnu++20";
				CLANG_ENABLE_MODULES = YES;
				CLANG_ENABLE_OBJC_ARC = YES;
				CLANG_ENABLE_OBJC_WEAK = YES;
				CLANG_WARN_BLOCK_CAPTURE_AUTORELEASING = YES;
				CLANG_WARN_BOOL_CONVERSION = YES;
				CLANG_WARN_COMMA = YES;
				CLANG_WARN_CONSTANT_CONVERSION = YES;
				CLANG_WARN_DEPRECATED_OBJC_IMPLEMENTATIONS = YES;
				CLANG_WARN_DIRECT_OBJC_ISA_USAGE = YES_ERROR;
				CLANG_WARN_DOCUMENTATION_COMMENTS = YES;
				CLANG_WARN_EMPTY_BODY = YES;
				CLANG_WARN_ENUM_CONVERSION = YES;
				CLANG_WARN_INFINITE_RECURSION = YES;
				CLANG_WARN_INT_CONVERSION = YES;
				CLANG_WARN_NON_LITERAL_NULL_CONVERSION = YES;
				CLANG_WARN_OBJC_IMPLICIT_RETAIN_SELF = YES;
				CLANG_WARN_OBJC_LITERAL_CONVERSION = YES;
				CLANG_WARN_OBJC_ROOT_CLASS = YES_ERROR;
				CLANG_WARN_QUOTED_INCLUDE_IN_FRAMEWORK_HEADER = YES;
				CLANG_WARN_RANGE_LOOP_ANALYSIS = YES;
				CLANG_WARN_STRICT_PROTOTYPES = YES;
				CLANG_WARN_SUSPICIOUS_MOVE = YES;
				CLANG_WARN_UNGUARDED_AVAILABILITY = YES_AGGRESSIVE;
				CLANG_WARN_UNREACHABLE_CODE = YES;
				CLANG_WARN__DUPLICATE_METHOD_MATCH = YES;
				COPY_PHASE_STRIP = NO;
				DEBUG_INFORMATION_FORMAT = dwarf;
				ENABLE_STRICT_OBJC_MSGSEND = YES;
				ENABLE_TESTABILITY = YES;
				GCC_C_LANGUAGE_STANDARD = gnu11;
				GCC_DYNAMIC_NO_PIC = NO;
				GCC_NO_COMMON_BLOCKS = YES;
				GCC_OPTIMIZATION_LEVEL = 0;
				GCC_PREPROCESSOR_DEFINITIONS = (
					"DEBUG=1",
					"$(inherited)",
				);
				GCC_WARN_64_TO_32_BIT_CONVERSION = YES;
				GCC_WARN_ABOUT_RETURN_TYPE = YES_ERROR;
				GCC_WARN_UNDECLARED_SELECTOR = YES;
				GCC_WARN_UNINITIALIZED_AUTOS = YES_AGGRESSIVE;
				GCC_WARN_UNUSED_FUNCTION = YES;
				GCC_WARN_UNUSED_VARIABLE = YES;
				IPHONEOS_DEPLOYMENT_TARGET = 14.0;
				MTL_ENABLE_DEBUG_INFO = INCLUDE_SOURCE;
				MTL_FAST_MATH = YES;
				ONLY_ACTIVE_ARCH = YES;
				SDKROOT = iphoneos;
				SWIFT_ACTIVE_COMPILATION_CONDITIONS = DEBUG;
				SWIFT_OPTIMIZATION_LEVEL = "-Onone";
			};
			name = Debug;
		};
		046A83C92A49920C00C8E7D6 /* Release */ = {
			isa = XCBuildConfiguration;
			buildSettings = {
				ALWAYS_SEARCH_USER_PATHS = NO;
				CLANG_ANALYZER_NONNULL = YES;
				CLANG_ANALYZER_NUMBER_OBJECT_CONVERSION = YES_AGGRESSIVE;
				CLANG_CXX_LANGUAGE_STANDARD = "gnu++20";
				CLANG_ENABLE_MODULES = YES;
				CLANG_ENABLE_OBJC_ARC = YES;
				CLANG_ENABLE_OBJC_WEAK = YES;
				CLANG_WARN_BLOCK_CAPTURE_AUTORELEASING = YES;
				CLANG_WARN_BOOL_CONVERSION = YES;
				CLANG_WARN_COMMA = YES;
				CLANG_WARN_CONSTANT_CONVERSION = YES;
				CLANG_WARN_DEPRECATED_OBJC_IMPLEMENTATIONS = YES;
				CLANG_WARN_DIRECT_OBJC_ISA_USAGE = YES_ERROR;
				CLANG_WARN_DOCUMENTATION_COMMENTS = YES;
				CLANG_WARN_EMPTY_BODY = YES;
				CLANG_WARN_ENUM_CONVERSION = YES;
				CLANG_WARN_INFINITE_RECURSION = YES;
				CLANG_WARN_INT_CONVERSION = YES;
				CLANG_WARN_NON_LITERAL_NULL_CONVERSION = YES;
				CLANG_WARN_OBJC_IMPLICIT_RETAIN_SELF = YES;
				CLANG_WARN_OBJC_LITERAL_CONVERSION = YES;
				CLANG_WARN_OBJC_ROOT_CLASS = YES_ERROR;
				CLANG_WARN_QUOTED_INCLUDE_IN_FRAMEWORK_HEADER = YES;
				CLANG_WARN_RANGE_LOOP_ANALYSIS = YES;
				CLANG_WARN_STRICT_PROTOTYPES = YES;
				CLANG_WARN_SUSPICIOUS_MOVE = YES;
				CLANG_WARN_UNGUARDED_AVAILABILITY = YES_AGGRESSIVE;
				CLANG_WARN_UNREACHABLE_CODE = YES;
				CLANG_WARN__DUPLICATE_METHOD_MATCH = YES;
				COPY_PHASE_STRIP = NO;
				DEBUG_INFORMATION_FORMAT = "dwarf-with-dsym";
				ENABLE_NS_ASSERTIONS = NO;
				ENABLE_STRICT_OBJC_MSGSEND = YES;
				GCC_C_LANGUAGE_STANDARD = gnu11;
				GCC_NO_COMMON_BLOCKS = YES;
				GCC_WARN_64_TO_32_BIT_CONVERSION = YES;
				GCC_WARN_ABOUT_RETURN_TYPE = YES_ERROR;
				GCC_WARN_UNDECLARED_SELECTOR = YES;
				GCC_WARN_UNINITIALIZED_AUTOS = YES_AGGRESSIVE;
				GCC_WARN_UNUSED_FUNCTION = YES;
				GCC_WARN_UNUSED_VARIABLE = YES;
				IPHONEOS_DEPLOYMENT_TARGET = 14.0;
				MTL_ENABLE_DEBUG_INFO = NO;
				MTL_FAST_MATH = YES;
				SDKROOT = iphoneos;
				SWIFT_COMPILATION_MODE = wholemodule;
				SWIFT_OPTIMIZATION_LEVEL = "-O";
				VALIDATE_PRODUCT = YES;
			};
			name = Release;
		};
		046A83CB2A49920C00C8E7D6 /* Debug */ = {
			isa = XCBuildConfiguration;
			buildSettings = {
				ASSETCATALOG_COMPILER_APPICON_NAME = AppIcon;
				ASSETCATALOG_COMPILER_GLOBAL_ACCENT_COLOR_NAME = AccentColor;
				CODE_SIGN_STYLE = Automatic;
				CURRENT_PROJECT_VERSION = 1;
				DEVELOPMENT_TEAM = 6QP8K8B8C9;
				GENERATE_INFOPLIST_FILE = YES;
				INFOPLIST_FILE = DodoPizzaPetProject/Settings/Info.plist;
				INFOPLIST_KEY_UIApplicationSupportsIndirectInputEvents = YES;
				INFOPLIST_KEY_UILaunchStoryboardName = LaunchScreen;
				INFOPLIST_KEY_UISupportedInterfaceOrientations = UIInterfaceOrientationPortrait;
				INFOPLIST_KEY_UISupportedInterfaceOrientations_iPad = "UIInterfaceOrientationLandscapeLeft UIInterfaceOrientationLandscapeRight UIInterfaceOrientationPortrait UIInterfaceOrientationPortraitUpsideDown";
				IPHONEOS_DEPLOYMENT_TARGET = 14.0;
				LD_RUNPATH_SEARCH_PATHS = (
					"$(inherited)",
					"@executable_path/Frameworks",
				);
				MARKETING_VERSION = 1.0;
				PRODUCT_BUNDLE_IDENTIFIER = com.mancmiller.DodoPizzaPetProject;
				PRODUCT_NAME = "$(TARGET_NAME)";
				SUPPORTED_PLATFORMS = "iphoneos iphonesimulator";
				SUPPORTS_MACCATALYST = NO;
				SUPPORTS_MAC_DESIGNED_FOR_IPHONE_IPAD = NO;
				SWIFT_EMIT_LOC_STRINGS = YES;
				SWIFT_VERSION = 5.0;
				TARGETED_DEVICE_FAMILY = 1;
			};
			name = Debug;
		};
		046A83CC2A49920C00C8E7D6 /* Release */ = {
			isa = XCBuildConfiguration;
			buildSettings = {
				ASSETCATALOG_COMPILER_APPICON_NAME = AppIcon;
				ASSETCATALOG_COMPILER_GLOBAL_ACCENT_COLOR_NAME = AccentColor;
				CODE_SIGN_STYLE = Automatic;
				CURRENT_PROJECT_VERSION = 1;
				DEVELOPMENT_TEAM = 6QP8K8B8C9;
				GENERATE_INFOPLIST_FILE = YES;
				INFOPLIST_FILE = DodoPizzaPetProject/Settings/Info.plist;
				INFOPLIST_KEY_UIApplicationSupportsIndirectInputEvents = YES;
				INFOPLIST_KEY_UILaunchStoryboardName = LaunchScreen;
				INFOPLIST_KEY_UISupportedInterfaceOrientations = UIInterfaceOrientationPortrait;
				INFOPLIST_KEY_UISupportedInterfaceOrientations_iPad = "UIInterfaceOrientationLandscapeLeft UIInterfaceOrientationLandscapeRight UIInterfaceOrientationPortrait UIInterfaceOrientationPortraitUpsideDown";
				IPHONEOS_DEPLOYMENT_TARGET = 14.0;
				LD_RUNPATH_SEARCH_PATHS = (
					"$(inherited)",
					"@executable_path/Frameworks",
				);
				MARKETING_VERSION = 1.0;
				PRODUCT_BUNDLE_IDENTIFIER = com.mancmiller.DodoPizzaPetProject;
				PRODUCT_NAME = "$(TARGET_NAME)";
				SUPPORTED_PLATFORMS = "iphoneos iphonesimulator";
				SUPPORTS_MACCATALYST = NO;
				SUPPORTS_MAC_DESIGNED_FOR_IPHONE_IPAD = NO;
				SWIFT_EMIT_LOC_STRINGS = YES;
				SWIFT_VERSION = 5.0;
				TARGETED_DEVICE_FAMILY = 1;
			};
			name = Release;
		};
/* End XCBuildConfiguration section */

/* Begin XCConfigurationList section */
		046A83B12A49920A00C8E7D6 /* Build configuration list for PBXProject "DodoPizzaPetProject" */ = {
			isa = XCConfigurationList;
			buildConfigurations = (
				046A83C82A49920C00C8E7D6 /* Debug */,
				046A83C92A49920C00C8E7D6 /* Release */,
			);
			defaultConfigurationIsVisible = 0;
			defaultConfigurationName = Release;
		};
		046A83CA2A49920C00C8E7D6 /* Build configuration list for PBXNativeTarget "DodoPizzaPetProject" */ = {
			isa = XCConfigurationList;
			buildConfigurations = (
				046A83CB2A49920C00C8E7D6 /* Debug */,
				046A83CC2A49920C00C8E7D6 /* Release */,
			);
			defaultConfigurationIsVisible = 0;
			defaultConfigurationName = Release;
		};
/* End XCConfigurationList section */

/* Begin XCRemoteSwiftPackageReference section */
		046A83D22A49986800C8E7D6 /* XCRemoteSwiftPackageReference "SnapKit" */ = {
			isa = XCRemoteSwiftPackageReference;
			repositoryURL = "https://github.com/SnapKit/SnapKit.git";
			requirement = {
				kind = upToNextMinorVersion;
				minimumVersion = 5.6.0;
			};
		};
/* End XCRemoteSwiftPackageReference section */

/* Begin XCSwiftPackageProductDependency section */
		046A83D32A49986800C8E7D6 /* SnapKit */ = {
			isa = XCSwiftPackageProductDependency;
			package = 046A83D22A49986800C8E7D6 /* XCRemoteSwiftPackageReference "SnapKit" */;
			productName = SnapKit;
		};
/* End XCSwiftPackageProductDependency section */

/* Begin XCVersionGroup section */
		040945FC2A4B2C3E00D3157E /* ProductModel.xcdatamodeld */ = {
			isa = XCVersionGroup;
			children = (
				040945FD2A4B2C3E00D3157E /* ProductModel.xcdatamodel */,
			);
			currentVersion = 040945FD2A4B2C3E00D3157E /* ProductModel.xcdatamodel */;
			path = ProductModel.xcdatamodeld;
			sourceTree = "<group>";
			versionGroupType = wrapper.xcdatamodel;
		};
/* End XCVersionGroup section */
	};
	rootObject = 046A83AE2A49920A00C8E7D6 /* Project object */;
}
